
Microsoft Visual Studio Solution File, Format Version 12.00
# Visual Studio Version 17
VisualStudioVersion = 17.11.35312.102
MinimumVisualStudioVersion = 10.0.40219.1
Project("{9A19103F-16F7-4668-BE54-9A1E7A4F7556}") = "EmissionAPI", "EmissionAPI.csproj", "{36FC68A3-8C7C-4990-B326-D96ED09A090D}"
EndProject
Project("{FAE04EC0-301F-11D3-BF4B-00C04F79EFBC}") = "UnitTesting", "..\UnitTesting\UnitTesting.csproj", "{3F07BAF9-4A05-40AF-88F0-CE2D66B51931}"
EndProject
Global
	GlobalSection(SolutionConfigurationPlatforms) = preSolution
		Debug|Any CPU = Debug|Any CPU
		Release|Any CPU = Release|Any CPU
	EndGlobalSection
	GlobalSection(ProjectConfigurationPlatforms) = postSolution
		{36FC68A3-8C7C-4990-B326-D96ED09A090D}.Debug|Any CPU.ActiveCfg = Debug|Any CPU
		{36FC68A3-8C7C-4990-B326-D96ED09A090D}.Debug|Any CPU.Build.0 = Debug|Any CPU
		{36FC68A3-8C7C-4990-B326-D96ED09A090D}.Release|Any CPU.ActiveCfg = Release|Any CPU
		{36FC68A3-8C7C-4990-B326-D96ED09A090D}.Release|Any CPU.Build.0 = Release|Any CPU
		{3F07BAF9-4A05-40AF-88F0-CE2D66B51931}.Debug|Any CPU.ActiveCfg = Debug|Any CPU
		{3F07BAF9-4A05-40AF-88F0-CE2D66B51931}.Debug|Any CPU.Build.0 = Debug|Any CPU
		{3F07BAF9-4A05-40AF-88F0-CE2D66B51931}.Release|Any CPU.ActiveCfg = Release|Any CPU
		{3F07BAF9-4A05-40AF-88F0-CE2D66B51931}.Release|Any CPU.Build.0 = Release|Any CPU
	EndGlobalSection
	GlobalSection(SolutionProperties) = preSolution
		HideSolutionNode = FALSE
	EndGlobalSection
	GlobalSection(ExtensibilityGlobals) = postSolution
		SolutionGuid = {57B404DF-206F-4310-8E10-D6DE9E26D391}
	EndGlobalSection
EndGlobal
